// !$*UTF8*$!
{
	archiveVersion = 1;
	classes = {
	};
	objectVersion = 55;
	objects = {

/* Begin PBXBuildFile section */
		95C88DF2284B276600546516 /* PomodoroStudyApp.swift in Sources */ = {isa = PBXBuildFile; fileRef = 95C88DF1284B276600546516 /* PomodoroStudyApp.swift */; };
		95C88DF4284B276600546516 /* ContentView.swift in Sources */ = {isa = PBXBuildFile; fileRef = 95C88DF3284B276600546516 /* ContentView.swift */; };
		95C88DF6284B276600546516 /* Assets.xcassets in Resources */ = {isa = PBXBuildFile; fileRef = 95C88DF5284B276600546516 /* Assets.xcassets */; };
		95C88DF9284B276600546516 /* Preview Assets.xcassets in Resources */ = {isa = PBXBuildFile; fileRef = 95C88DF8284B276600546516 /* Preview Assets.xcassets */; };
		95C88E03284B276600546516 /* PomodoroStudyTests.swift in Sources */ = {isa = PBXBuildFile; fileRef = 95C88E02284B276600546516 /* PomodoroStudyTests.swift */; };
		95C88E0D284B276600546516 /* PomodoroStudyUITests.swift in Sources */ = {isa = PBXBuildFile; fileRef = 95C88E0C284B276600546516 /* PomodoroStudyUITests.swift */; };
		95C88E0F284B276600546516 /* PomodoroStudyUITestsLaunchTests.swift in Sources */ = {isa = PBXBuildFile; fileRef = 95C88E0E284B276600546516 /* PomodoroStudyUITestsLaunchTests.swift */; };
		95E8B3F928ADEF6E00A52CDD /* ContentViewModel.swift in Sources */ = {isa = PBXBuildFile; fileRef = 95E8B3F828ADEF6E00A52CDD /* ContentViewModel.swift */; };
/* End PBXBuildFile section */

/* Begin PBXContainerItemProxy section */
		95C88DFF284B276600546516 /* PBXContainerItemProxy */ = {
			isa = PBXContainerItemProxy;
			containerPortal = 95C88DE6284B276600546516 /* Project object */;
			proxyType = 1;
			remoteGlobalIDString = 95C88DED284B276600546516;
			remoteInfo = PomodoroStudy;
		};
		95C88E09284B276600546516 /* PBXContainerItemProxy */ = {
			isa = PBXContainerItemProxy;
			containerPortal = 95C88DE6284B276600546516 /* Project object */;
			proxyType = 1;
			remoteGlobalIDString = 95C88DED284B276600546516;
			remoteInfo = PomodoroStudy;
		};
/* End PBXContainerItemProxy section */

/* Begin PBXFileReference section */
		95C88DEE284B276600546516 /* PomodoroStudy.app */ = {isa = PBXFileReference; explicitFileType = wrapper.application; includeInIndex = 0; path = PomodoroStudy.app; sourceTree = BUILT_PRODUCTS_DIR; };
		95C88DF1284B276600546516 /* PomodoroStudyApp.swift */ = {isa = PBXFileReference; lastKnownFileType = sourcecode.swift; path = PomodoroStudyApp.swift; sourceTree = "<group>"; };
		95C88DF3284B276600546516 /* ContentView.swift */ = {isa = PBXFileReference; lastKnownFileType = sourcecode.swift; path = ContentView.swift; sourceTree = "<group>"; tabWidth = 4; };
		95C88DF5284B276600546516 /* Assets.xcassets */ = {isa = PBXFileReference; lastKnownFileType = folder.assetcatalog; path = Assets.xcassets; sourceTree = "<group>"; };
		95C88DF8284B276600546516 /* Preview Assets.xcassets */ = {isa = PBXFileReference; lastKnownFileType = folder.assetcatalog; path = "Preview Assets.xcassets"; sourceTree = "<group>"; };
		95C88DFE284B276600546516 /* PomodoroStudyTests.xctest */ = {isa = PBXFileReference; explicitFileType = wrapper.cfbundle; includeInIndex = 0; path = PomodoroStudyTests.xctest; sourceTree = BUILT_PRODUCTS_DIR; };
		95C88E02284B276600546516 /* PomodoroStudyTests.swift */ = {isa = PBXFileReference; lastKnownFileType = sourcecode.swift; path = PomodoroStudyTests.swift; sourceTree = "<group>"; };
		95C88E08284B276600546516 /* PomodoroStudyUITests.xctest */ = {isa = PBXFileReference; explicitFileType = wrapper.cfbundle; includeInIndex = 0; path = PomodoroStudyUITests.xctest; sourceTree = BUILT_PRODUCTS_DIR; };
		95C88E0C284B276600546516 /* PomodoroStudyUITests.swift */ = {isa = PBXFileReference; lastKnownFileType = sourcecode.swift; path = PomodoroStudyUITests.swift; sourceTree = "<group>"; };
		95C88E0E284B276600546516 /* PomodoroStudyUITestsLaunchTests.swift */ = {isa = PBXFileReference; lastKnownFileType = sourcecode.swift; path = PomodoroStudyUITestsLaunchTests.swift; sourceTree = "<group>"; };
		95E8B3F828ADEF6E00A52CDD /* ContentViewModel.swift */ = {isa = PBXFileReference; lastKnownFileType = sourcecode.swift; path = ContentViewModel.swift; sourceTree = "<group>"; };
/* End PBXFileReference section */

/* Begin PBXFrameworksBuildPhase section */
		95C88DEB284B276600546516 /* Frameworks */ = {
			isa = PBXFrameworksBuildPhase;
			buildActionMask = 2147483647;
			files = (
			);
			runOnlyForDeploymentPostprocessing = 0;
		};
		95C88DFB284B276600546516 /* Frameworks */ = {
			isa = PBXFrameworksBuildPhase;
			buildActionMask = 2147483647;
			files = (
			);
			runOnlyForDeploymentPostprocessing = 0;
		};
		95C88E05284B276600546516 /* Frameworks */ = {
			isa = PBXFrameworksBuildPhase;
			buildActionMask = 2147483647;
			files = (
			);
			runOnlyForDeploymentPostprocessing = 0;
		};
/* End PBXFrameworksBuildPhase section */

/* Begin PBXGroup section */
		95C88DE5284B276600546516 = {
			isa = PBXGroup;
			children = (
				95C88DF0284B276600546516 /* PomodoroStudy */,
				95C88E01284B276600546516 /* PomodoroStudyTests */,
				95C88E0B284B276600546516 /* PomodoroStudyUITests */,
				95C88DEF284B276600546516 /* Products */,
			);
			sourceTree = "<group>";
		};
		95C88DEF284B276600546516 /* Products */ = {
			isa = PBXGroup;
			children = (
				95C88DEE284B276600546516 /* PomodoroStudy.app */,
				95C88DFE284B276600546516 /* PomodoroStudyTests.xctest */,
				95C88E08284B276600546516 /* PomodoroStudyUITests.xctest */,
			);
			name = Products;
			sourceTree = "<group>";
		};
		95C88DF0284B276600546516 /* PomodoroStudy */ = {
			isa = PBXGroup;
			children = (
				95C88DF1284B276600546516 /* PomodoroStudyApp.swift */,
				95C88DF3284B276600546516 /* ContentView.swift */,
				95E8B3F828ADEF6E00A52CDD /* ContentViewModel.swift */,
				95C88DF5284B276600546516 /* Assets.xcassets */,
				95C88DF7284B276600546516 /* Preview Content */,
			);
			path = PomodoroStudy;
			sourceTree = "<group>";
		};
		95C88DF7284B276600546516 /* Preview Content */ = {
			isa = PBXGroup;
			children = (
				95C88DF8284B276600546516 /* Preview Assets.xcassets */,
			);
			path = "Preview Content";
			sourceTree = "<group>";
		};
		95C88E01284B276600546516 /* PomodoroStudyTests */ = {
			isa = PBXGroup;
			children = (
				95C88E02284B276600546516 /* PomodoroStudyTests.swift */,
			);
			path = PomodoroStudyTests;
			sourceTree = "<group>";
		};
		95C88E0B284B276600546516 /* PomodoroStudyUITests */ = {
			isa = PBXGroup;
			children = (
				95C88E0C284B276600546516 /* PomodoroStudyUITests.swift */,
				95C88E0E284B276600546516 /* PomodoroStudyUITestsLaunchTests.swift */,
			);
			path = PomodoroStudyUITests;
			sourceTree = "<group>";
		};
/* End PBXGroup section */

/* Begin PBXNativeTarget section */
		95C88DED284B276600546516 /* PomodoroStudy */ = {
			isa = PBXNativeTarget;
			buildConfigurationList = 95C88E12284B276600546516 /* Build configuration list for PBXNativeTarget "PomodoroStudy" */;
			buildPhases = (
				95C88DEA284B276600546516 /* Sources */,
				95C88DEB284B276600546516 /* Frameworks */,
				95C88DEC284B276600546516 /* Resources */,
			);
			buildRules = (
			);
			dependencies = (
			);
			name = PomodoroStudy;
			productName = PomodoroStudy;
			productReference = 95C88DEE284B276600546516 /* PomodoroStudy.app */;
			productType = "com.apple.product-type.application";
		};
		95C88DFD284B276600546516 /* PomodoroStudyTests */ = {
			isa = PBXNativeTarget;
			buildConfigurationList = 95C88E15284B276600546516 /* Build configuration list for PBXNativeTarget "PomodoroStudyTests" */;
			buildPhases = (
				95C88DFA284B276600546516 /* Sources */,
				95C88DFB284B276600546516 /* Frameworks */,
				95C88DFC284B276600546516 /* Resources */,
			);
			buildRules = (
			);
			dependencies = (
				95C88E00284B276600546516 /* PBXTargetDependency */,
			);
			name = PomodoroStudyTests;
			productName = PomodoroStudyTests;
			productReference = 95C88DFE284B276600546516 /* PomodoroStudyTests.xctest */;
			productType = "com.apple.product-type.bundle.unit-test";
		};
		95C88E07284B276600546516 /* PomodoroStudyUITests */ = {
			isa = PBXNativeTarget;
			buildConfigurationList = 95C88E18284B276600546516 /* Build configuration list for PBXNativeTarget "PomodoroStudyUITests" */;
			buildPhases = (
				95C88E04284B276600546516 /* Sources */,
				95C88E05284B276600546516 /* Frameworks */,
				95C88E06284B276600546516 /* Resources */,
			);
			buildRules = (
			);
			dependencies = (
				95C88E0A284B276600546516 /* PBXTargetDependency */,
			);
			name = PomodoroStudyUITests;
			productName = PomodoroStudyUITests;
			productReference = 95C88E08284B276600546516 /* PomodoroStudyUITests.xctest */;
			productType = "com.apple.product-type.bundle.ui-testing";
		};
/* End PBXNativeTarget section */

/* Begin PBXProject section */
		95C88DE6284B276600546516 /* Project object */ = {
			isa = PBXProject;
			attributes = {
				BuildIndependentTargetsInParallel = 1;
				LastSwiftUpdateCheck = 1340;
				LastUpgradeCheck = 1340;
				TargetAttributes = {
					95C88DED284B276600546516 = {
						CreatedOnToolsVersion = 13.4;
					};
					95C88DFD284B276600546516 = {
						CreatedOnToolsVersion = 13.4;
						TestTargetID = 95C88DED284B276600546516;
					};
					95C88E07284B276600546516 = {
						CreatedOnToolsVersion = 13.4;
						TestTargetID = 95C88DED284B276600546516;
					};
				};
			};
			buildConfigurationList = 95C88DE9284B276600546516 /* Build configuration list for PBXProject "PomodoroStudy" */;
			compatibilityVersion = "Xcode 13.0";
			developmentRegion = en;
			hasScannedForEncodings = 0;
			knownRegions = (
				en,
				Base,
			);
			mainGroup = 95C88DE5284B276600546516;
			productRefGroup = 95C88DEF284B276600546516 /* Products */;
			projectDirPath = "";
			projectRoot = "";
			targets = (
				95C88DED284B276600546516 /* PomodoroStudy */,
				95C88DFD284B276600546516 /* PomodoroStudyTests */,
				95C88E07284B276600546516 /* PomodoroStudyUITests */,
			);
		};
/* End PBXProject section */

/* Begin PBXResourcesBuildPhase section */
		95C88DEC284B276600546516 /* Resources */ = {
			isa = PBXResourcesBuildPhase;
			buildActionMask = 2147483647;
			files = (
				95C88DF9284B276600546516 /* Preview Assets.xcassets in Resources */,
				95C88DF6284B276600546516 /* Assets.xcassets in Resources */,
			);
			runOnlyForDeploymentPostprocessing = 0;
		};
		95C88DFC284B276600546516 /* Resources */ = {
			isa = PBXResourcesBuildPhase;
			buildActionMask = 2147483647;
			files = (
			);
			runOnlyForDeploymentPostprocessing = 0;
		};
		95C88E06284B276600546516 /* Resources */ = {
			isa = PBXResourcesBuildPhase;
			buildActionMask = 2147483647;
			files = (
			);
			runOnlyForDeploymentPostprocessing = 0;
		};
/* End PBXResourcesBuildPhase section */

/* Begin PBXSourcesBuildPhase section */
		95C88DEA284B276600546516 /* Sources */ = {
			isa = PBXSourcesBuildPhase;
			buildActionMask = 2147483647;
			files = (
				95C88DF4284B276600546516 /* ContentView.swift in Sources */,
				95C88DF2284B276600546516 /* PomodoroStudyApp.swift in Sources */,
				95E8B3F928ADEF6E00A52CDD /* ContentViewModel.swift in Sources */,
			);
			runOnlyForDeploymentPostprocessing = 0;
		};
		95C88DFA284B276600546516 /* Sources */ = {
			isa = PBXSourcesBuildPhase;
			buildActionMask = 2147483647;
			files = (
				95C88E03284B276600546516 /* PomodoroStudyTests.swift in Sources */,
			);
			runOnlyForDeploymentPostprocessing = 0;
		};
		95C88E04284B276600546516 /* Sources */ = {
			isa = PBXSourcesBuildPhase;
			buildActionMask = 2147483647;
			files = (
				95C88E0D284B276600546516 /* PomodoroStudyUITests.swift in Sources */,
				95C88E0F284B276600546516 /* PomodoroStudyUITestsLaunchTests.swift in Sources */,
			);
			runOnlyForDeploymentPostprocessing = 0;
		};
/* End PBXSourcesBuildPhase section */

/* Begin PBXTargetDependency section */
		95C88E00284B276600546516 /* PBXTargetDependency */ = {
			isa = PBXTargetDependency;
			target = 95C88DED284B276600546516 /* PomodoroStudy */;
			targetProxy = 95C88DFF284B276600546516 /* PBXContainerItemProxy */;
		};
		95C88E0A284B276600546516 /* PBXTargetDependency */ = {
			isa = PBXTargetDependency;
			target = 95C88DED284B276600546516 /* PomodoroStudy */;
			targetProxy = 95C88E09284B276600546516 /* PBXContainerItemProxy */;
		};
/* End PBXTargetDependency section */

/* Begin XCBuildConfiguration section */
		95C88E10284B276600546516 /* Debug */ = {
			isa = XCBuildConfiguration;
			buildSettings = {
				ALWAYS_SEARCH_USER_PATHS = NO;
				CLANG_ANALYZER_NONNULL = YES;
				CLANG_ANALYZER_NUMBER_OBJECT_CONVERSION = YES_AGGRESSIVE;
				CLANG_CXX_LANGUAGE_STANDARD = "gnu++17";
				CLANG_ENABLE_MODULES = YES;
				CLANG_ENABLE_OBJC_ARC = YES;
				CLANG_ENABLE_OBJC_WEAK = YES;
				CLANG_WARN_BLOCK_CAPTURE_AUTORELEASING = YES;
				CLANG_WARN_BOOL_CONVERSION = YES;
				CLANG_WARN_COMMA = YES;
				CLANG_WARN_CONSTANT_CONVERSION = YES;
				CLANG_WARN_DEPRECATED_OBJC_IMPLEMENTATIONS = YES;
				CLANG_WARN_DIRECT_OBJC_ISA_USAGE = YES_ERROR;
				CLANG_WARN_DOCUMENTATION_COMMENTS = YES;
				CLANG_WARN_EMPTY_BODY = YES;
				CLANG_WARN_ENUM_CONVERSION = YES;
				CLANG_WARN_INFINITE_RECURSION = YES;
				CLANG_WARN_INT_CONVERSION = YES;
				CLANG_WARN_NON_LITERAL_NULL_CONVERSION = YES;
				CLANG_WARN_OBJC_IMPLICIT_RETAIN_SELF = YES;
				CLANG_WARN_OBJC_LITERAL_CONVERSION = YES;
				CLANG_WARN_OBJC_ROOT_CLASS = YES_ERROR;
				CLANG_WARN_QUOTED_INCLUDE_IN_FRAMEWORK_HEADER = YES;
				CLANG_WARN_RANGE_LOOP_ANALYSIS = YES;
				CLANG_WARN_STRICT_PROTOTYPES = YES;
				CLANG_WARN_SUSPICIOUS_MOVE = YES;
				CLANG_WARN_UNGUARDED_AVAILABILITY = YES_AGGRESSIVE;
				CLANG_WARN_UNREACHABLE_CODE = YES;
				CLANG_WARN__DUPLICATE_METHOD_MATCH = YES;
				COPY_PHASE_STRIP = NO;
				DEBUG_INFORMATION_FORMAT = dwarf;
				ENABLE_STRICT_OBJC_MSGSEND = YES;
				ENABLE_TESTABILITY = YES;
				GCC_C_LANGUAGE_STANDARD = gnu11;
				GCC_DYNAMIC_NO_PIC = NO;
				GCC_NO_COMMON_BLOCKS = YES;
				GCC_OPTIMIZATION_LEVEL = 0;
				GCC_PREPROCESSOR_DEFINITIONS = (
					"DEBUG=1",
					"$(inherited)",
				);
				GCC_WARN_64_TO_32_BIT_CONVERSION = YES;
				GCC_WARN_ABOUT_RETURN_TYPE = YES_ERROR;
				GCC_WARN_UNDECLARED_SELECTOR = YES;
				GCC_WARN_UNINITIALIZED_AUTOS = YES_AGGRESSIVE;
				GCC_WARN_UNUSED_FUNCTION = YES;
				GCC_WARN_UNUSED_VARIABLE = YES;
				IPHONEOS_DEPLOYMENT_TARGET = 15.5;
				MTL_ENABLE_DEBUG_INFO = INCLUDE_SOURCE;
				MTL_FAST_MATH = YES;
				ONLY_ACTIVE_ARCH = YES;
				SDKROOT = iphoneos;
				SWIFT_ACTIVE_COMPILATION_CONDITIONS = DEBUG;
				SWIFT_OPTIMIZATION_LEVEL = "-Onone";
			};
			name = Debug;
		};
		95C88E11284B276600546516 /* Release */ = {
			isa = XCBuildConfiguration;
			buildSettings = {
				ALWAYS_SEARCH_USER_PATHS = NO;
				CLANG_ANALYZER_NONNULL = YES;
				CLANG_ANALYZER_NUMBER_OBJECT_CONVERSION = YES_AGGRESSIVE;
				CLANG_CXX_LANGUAGE_STANDARD = "gnu++17";
				CLANG_ENABLE_MODULES = YES;
				CLANG_ENABLE_OBJC_ARC = YES;
				CLANG_ENABLE_OBJC_WEAK = YES;
				CLANG_WARN_BLOCK_CAPTURE_AUTORELEASING = YES;
				CLANG_WARN_BOOL_CONVERSION = YES;
				CLANG_WARN_COMMA = YES;
				CLANG_WARN_CONSTANT_CONVERSION = YES;
				CLANG_WARN_DEPRECATED_OBJC_IMPLEMENTATIONS = YES;
				CLANG_WARN_DIRECT_OBJC_ISA_USAGE = YES_ERROR;
				CLANG_WARN_DOCUMENTATION_COMMENTS = YES;
				CLANG_WARN_EMPTY_BODY = YES;
				CLANG_WARN_ENUM_CONVERSION = YES;
				CLANG_WARN_INFINITE_RECURSION = YES;
				CLANG_WARN_INT_CONVERSION = YES;
				CLANG_WARN_NON_LITERAL_NULL_CONVERSION = YES;
				CLANG_WARN_OBJC_IMPLICIT_RETAIN_SELF = YES;
				CLANG_WARN_OBJC_LITERAL_CONVERSION = YES;
				CLANG_WARN_OBJC_ROOT_CLASS = YES_ERROR;
				CLANG_WARN_QUOTED_INCLUDE_IN_FRAMEWORK_HEADER = YES;
				CLANG_WARN_RANGE_LOOP_ANALYSIS = YES;
				CLANG_WARN_STRICT_PROTOTYPES = YES;
				CLANG_WARN_SUSPICIOUS_MOVE = YES;
				CLANG_WARN_UNGUARDED_AVAILABILITY = YES_AGGRESSIVE;
				CLANG_WARN_UNREACHABLE_CODE = YES;
				CLANG_WARN__DUPLICATE_METHOD_MATCH = YES;
				COPY_PHASE_STRIP = NO;
				DEBUG_INFORMATION_FORMAT = "dwarf-with-dsym";
				ENABLE_NS_ASSERTIONS = NO;
				ENABLE_STRICT_OBJC_MSGSEND = YES;
				GCC_C_LANGUAGE_STANDARD = gnu11;
				GCC_NO_COMMON_BLOCKS = YES;
				GCC_WARN_64_TO_32_BIT_CONVERSION = YES;
				GCC_WARN_ABOUT_RETURN_TYPE = YES_ERROR;
				GCC_WARN_UNDECLARED_SELECTOR = YES;
				GCC_WARN_UNINITIALIZED_AUTOS = YES_AGGRESSIVE;
				GCC_WARN_UNUSED_FUNCTION = YES;
				GCC_WARN_UNUSED_VARIABLE = YES;
				IPHONEOS_DEPLOYMENT_TARGET = 15.5;
				MTL_ENABLE_DEBUG_INFO = NO;
				MTL_FAST_MATH = YES;
				SDKROOT = iphoneos;
				SWIFT_COMPILATION_MODE = wholemodule;
				SWIFT_OPTIMIZATION_LEVEL = "-O";
				VALIDATE_PRODUCT = YES;
			};
			name = Release;
		};
		95C88E13284B276600546516 /* Debug */ = {
			isa = XCBuildConfiguration;
			buildSettings = {
				ASSETCATALOG_COMPILER_APPICON_NAME = AppIcon;
				ASSETCATALOG_COMPILER_GLOBAL_ACCENT_COLOR_NAME = AccentColor;
				CODE_SIGN_STYLE = Automatic;
				CURRENT_PROJECT_VERSION = 1;
				DEVELOPMENT_ASSET_PATHS = "\"PomodoroStudy/Preview Content\"";
				ENABLE_PREVIEWS = YES;
				GENERATE_INFOPLIST_FILE = YES;
				INFOPLIST_KEY_UIApplicationSceneManifest_Generation = YES;
				INFOPLIST_KEY_UIApplicationSupportsIndirectInputEvents = YES;
				INFOPLIST_KEY_UILaunchScreen_Generation = YES;
				INFOPLIST_KEY_UISupportedInterfaceOrientations_iPad = "UIInterfaceOrientationPortrait UIInterfaceOrientationPortraitUpsideDown UIInterfaceOrientationLandscapeLeft UIInterfaceOrientationLandscapeRight";
				INFOPLIST_KEY_UISupportedInterfaceOrientations_iPhone = "UIInterfaceOrientationPortrait UIInterfaceOrientationLandscapeLeft UIInterfaceOrientationLandscapeRight";
				LD_RUNPATH_SEARCH_PATHS = (
					"$(inherited)",
					"@executable_path/Frameworks",
				);
				MARKETING_VERSION = 1.0;
				PRODUCT_BUNDLE_IDENTIFIER = JoonsPetProject.PomodoroStudy;
				PRODUCT_NAME = "$(TARGET_NAME)";
				SWIFT_EMIT_LOC_STRINGS = YES;
				SWIFT_VERSION = 5.0;
				TARGETED_DEVICE_FAMILY = "1,2";
			};
			name = Debug;
		};
		95C88E14284B276600546516 /* Release */ = {
			isa = XCBuildConfiguration;
			buildSettings = {
				ASSETCATALOG_COMPILER_APPICON_NAME = AppIcon;
				ASSETCATALOG_COMPILER_GLOBAL_ACCENT_COLOR_NAME = AccentColor;
				CODE_SIGN_STYLE = Automatic;
				CURRENT_PROJECT_VERSION = 1;
				DEVELOPMENT_ASSET_PATHS = "\"PomodoroStudy/Preview Content\"";
				ENABLE_PREVIEWS = YES;
				GENERATE_INFOPLIST_FILE = YES;
				INFOPLIST_KEY_UIApplicationSceneManifest_Generation = YES;
				INFOPLIST_KEY_UIApplicationSupportsIndirectInputEvents = YES;
				INFOPLIST_KEY_UILaunchScreen_Generation = YES;
				INFOPLIST_KEY_UISupportedInterfaceOrientations_iPad = "UIInterfaceOrientationPortrait UIInterfaceOrientationPortraitUpsideDown UIInterfaceOrientationLandscapeLeft UIInterfaceOrientationLandscapeRight";
				INFOPLIST_KEY_UISupportedInterfaceOrientations_iPhone = "UIInterfaceOrientationPortrait UIInterfaceOrientationLandscapeLeft UIInterfaceOrientationLandscapeRight";
				LD_RUNPATH_SEARCH_PATHS = (
					"$(inherited)",
					"@executable_path/Frameworks",
				);
				MARKETING_VERSION = 1.0;
				PRODUCT_BUNDLE_IDENTIFIER = JoonsPetProject.PomodoroStudy;
				PRODUCT_NAME = "$(TARGET_NAME)";
				SWIFT_EMIT_LOC_STRINGS = YES;
				SWIFT_VERSION = 5.0;
				TARGETED_DEVICE_FAMILY = "1,2";
			};
			name = Release;
		};
		95C88E16284B276600546516 /* Debug */ = {
			isa = XCBuildConfiguration;
			buildSettings = {
				ALWAYS_EMBED_SWIFT_STANDARD_LIBRARIES = YES;
				BUNDLE_LOADER = "$(TEST_HOST)";
				CODE_SIGN_STYLE = Automatic;
				CURRENT_PROJECT_VERSION = 1;
				GENERATE_INFOPLIST_FILE = YES;
				IPHONEOS_DEPLOYMENT_TARGET = 15.5;
				MARKETING_VERSION = 1.0;
				PRODUCT_BUNDLE_IDENTIFIER = JoonsPetProject.PomodoroStudyTests;
				PRODUCT_NAME = "$(TARGET_NAME)";
				SWIFT_EMIT_LOC_STRINGS = NO;
				SWIFT_VERSION = 5.0;
				TARGETED_DEVICE_FAMILY = "1,2";
				TEST_HOST = "$(BUILT_PRODUCTS_DIR)/PomodoroStudy.app/PomodoroStudy";
			};
			name = Debug;
		};
		95C88E17284B276600546516 /* Release */ = {
			isa = XCBuildConfiguration;
			buildSettings = {
				ALWAYS_EMBED_SWIFT_STANDARD_LIBRARIES = YES;
				BUNDLE_LOADER = "$(TEST_HOST)";
				CODE_SIGN_STYLE = Automatic;
				CURRENT_PROJECT_VERSION = 1;
				GENERATE_INFOPLIST_FILE = YES;
				IPHONEOS_DEPLOYMENT_TARGET = 15.5;
				MARKETING_VERSION = 1.0;
				PRODUCT_BUNDLE_IDENTIFIER = JoonsPetProject.PomodoroStudyTests;
				PRODUCT_NAME = "$(TARGET_NAME)";
				SWIFT_EMIT_LOC_STRINGS = NO;
				SWIFT_VERSION = 5.0;
				TARGETED_DEVICE_FAMILY = "1,2";
				TEST_HOST = "$(BUILT_PRODUCTS_DIR)/PomodoroStudy.app/PomodoroStudy";
			};
			name = Release;
		};
		95C88E19284B276600546516 /* Debug */ = {
			isa = XCBuildConfiguration;
			buildSettings = {
				ALWAYS_EMBED_SWIFT_STANDARD_LIBRARIES = YES;
				CODE_SIGN_STYLE = Automatic;
				CURRENT_PROJECT_VERSION = 1;
				GENERATE_INFOPLIST_FILE = YES;
				MARKETING_VERSION = 1.0;
				PRODUCT_BUNDLE_IDENTIFIER = JoonsPetProject.PomodoroStudyUITests;
				PRODUCT_NAME = "$(TARGET_NAME)";
				SWIFT_EMIT_LOC_STRINGS = NO;
				SWIFT_VERSION = 5.0;
				TARGETED_DEVICE_FAMILY = "1,2";
				TEST_TARGET_NAME = PomodoroStudy;
			};
			name = Debug;
		};
		95C88E1A284B276600546516 /* Release */ = {
			isa = XCBuildConfiguration;
			buildSettings = {
				ALWAYS_EMBED_SWIFT_STANDARD_LIBRARIES = YES;
				CODE_SIGN_STYLE = Automatic;
				CURRENT_PROJECT_VERSION = 1;
				GENERATE_INFOPLIST_FILE = YES;
				MARKETING_VERSION = 1.0;
				PRODUCT_BUNDLE_IDENTIFIER = JoonsPetProject.PomodoroStudyUITests;
				PRODUCT_NAME = "$(TARGET_NAME)";
				SWIFT_EMIT_LOC_STRINGS = NO;
				SWIFT_VERSION = 5.0;
				TARGETED_DEVICE_FAMILY = "1,2";
				TEST_TARGET_NAME = PomodoroStudy;
			};
			name = Release;
		};
/* End XCBuildConfiguration section */

/* Begin XCConfigurationList section */
		95C88DE9284B276600546516 /* Build configuration list for PBXProject "PomodoroStudy" */ = {
			isa = XCConfigurationList;
			buildConfigurations = (
				95C88E10284B276600546516 /* Debug */,
				95C88E11284B276600546516 /* Release */,
			);
			defaultConfigurationIsVisible = 0;
			defaultConfigurationName = Release;
		};
		95C88E12284B276600546516 /* Build configuration list for PBXNativeTarget "PomodoroStudy" */ = {
			isa = XCConfigurationList;
			buildConfigurations = (
				95C88E13284B276600546516 /* Debug */,
				95C88E14284B276600546516 /* Release */,
			);
			defaultConfigurationIsVisible = 0;
			defaultConfigurationName = Release;
		};
		95C88E15284B276600546516 /* Build configuration list for PBXNativeTarget "PomodoroStudyTests" */ = {
			isa = XCConfigurationList;
			buildConfigurations = (
				95C88E16284B276600546516 /* Debug */,
				95C88E17284B276600546516 /* Release */,
			);
			defaultConfigurationIsVisible = 0;
			defaultConfigurationName = Release;
		};
		95C88E18284B276600546516 /* Build configuration list for PBXNativeTarget "PomodoroStudyUITests" */ = {
			isa = XCConfigurationList;
			buildConfigurations = (
				95C88E19284B276600546516 /* Debug */,
				95C88E1A284B276600546516 /* Release */,
			);
			defaultConfigurationIsVisible = 0;
			defaultConfigurationName = Release;
		};
/* End XCConfigurationList section */
	};
	rootObject = 95C88DE6284B276600546516 /* Project object */;
}
